{
  "version": 4,
  "terraform_version": "1.7.2",
  "serial": 3,
  "lineage": "d950681b-d70f-507b-92b1-31ae3cca2b8d",
  "outputs": {},
  "resources": [
    {
      "mode": "managed",
      "type": "azurerm_resource_group",
      "name": "rg",
      "provider": "provider[\"registry.terraform.io/hashicorp/azurerm\"]",
      "instances": [
        {
          "schema_version": 0,
          "attributes": {
            "id": "/subscriptions/93334d39-b286-4fa5-84d7-e2ea31a2935f/resourceGroups/TERRAFORM-TESTS",
            "location": "northeurope",
            "name": "TERRAFORM-TESTS",
            "tags": null,
            "timeouts": null
          },
          "sensitive_attributes": [],
          "private": "eyJlMmJmYjczMC1lY2FhLTExZTYtOGY4OC0zNDM2M2JjN2M0YzAiOnsiY3JlYXRlIjo1NDAwMDAwMDAwMDAwLCJkZWxldGUiOjU0MDAwMDAwMDAwMDAsInJlYWQiOjMwMDAwMDAwMDAwMCwidXBkYXRlIjo1NDAwMDAwMDAwMDAwfX0="
        }
      ]
    },
    {
      "mode": "managed",
      "type": "azurerm_storage_account",
      "name": "sa",
      "provider": "provider[\"registry.terraform.io/hashicorp/azurerm\"]",
      "instances": [
        {
          "schema_version": 3,
          "attributes": {
            "access_tier": "Hot",
            "account_kind": "StorageV2",
            "account_replication_type": "LRS",
            "account_tier": "Standard",
            "allow_nested_items_to_be_public": true,
            "azure_files_authentication": [],
            "blob_properties": [
              {
                "change_feed_enabled": false,
                "container_delete_retention_policy": [],
                "cors_rule": [],
                "default_service_version": "",
                "delete_retention_policy": [],
                "last_access_time_enabled": false,
                "versioning_enabled": false
              }
            ],
            "custom_domain": [],
            "customer_managed_key": [],
            "edge_zone": "",
            "enable_https_traffic_only": true,
            "id": "/subscriptions/93334d39-b286-4fa5-84d7-e2ea31a2935f/resourceGroups/TERRAFORM-TESTS/providers/Microsoft.Storage/storageAccounts/ajgcpstoacct",
            "identity": [
              {
                "identity_ids": null,
                "principal_id": "6be22986-5036-453a-a37c-45c86cd30db7",
                "tenant_id": "ffbf1c6e-ea73-49d2-bcf6-4a0053ef21d9",
                "type": "SystemAssigned"
              }
            ],
            "infrastructure_encryption_enabled": false,
            "is_hns_enabled": false,
            "large_file_share_enabled": null,
            "location": "northeurope",
            "min_tls_version": "TLS1_2",
            "name": "ajgcpstoacct",
            "network_rules": [
              {
                "bypass": [
                  "Logging",
                  "Metrics"
                ],
                "default_action": "Allow",
                "ip_rules": [],
                "private_link_access": [],
                "virtual_network_subnet_ids": []
              }
            ],
            "nfsv3_enabled": false,
            "primary_access_key": "cJ7arYQWhXj9/wjqv7HJs00eqvk1/fk5FtTtXlYUI+3gZNcqe0ANSOLk+3Bf0zKwpeA4D7gpuOIW+ASt1kgdGw==",
            "primary_blob_connection_string": "DefaultEndpointsProtocol=https;BlobEndpoint=https://ajgcpstoacct.blob.core.windows.net/;AccountName=ajgcpstoacct;AccountKey=cJ7arYQWhXj9/wjqv7HJs00eqvk1/fk5FtTtXlYUI+3gZNcqe0ANSOLk+3Bf0zKwpeA4D7gpuOIW+ASt1kgdGw==",
            "primary_blob_endpoint": "https://ajgcpstoacct.blob.core.windows.net/",
            "primary_blob_host": "ajgcpstoacct.blob.core.windows.net",
            "primary_connection_string": "DefaultEndpointsProtocol=https;AccountName=ajgcpstoacct;AccountKey=cJ7arYQWhXj9/wjqv7HJs00eqvk1/fk5FtTtXlYUI+3gZNcqe0ANSOLk+3Bf0zKwpeA4D7gpuOIW+ASt1kgdGw==;EndpointSuffix=core.windows.net",
            "primary_dfs_endpoint": "https://ajgcpstoacct.dfs.core.windows.net/",
            "primary_dfs_host": "ajgcpstoacct.dfs.core.windows.net",
            "primary_file_endpoint": "https://ajgcpstoacct.file.core.windows.net/",
            "primary_file_host": "ajgcpstoacct.file.core.windows.net",
            "primary_location": "northeurope",
            "primary_queue_endpoint": "https://ajgcpstoacct.queue.core.windows.net/",
            "primary_queue_host": "ajgcpstoacct.queue.core.windows.net",
            "primary_table_endpoint": "https://ajgcpstoacct.table.core.windows.net/",
            "primary_table_host": "ajgcpstoacct.table.core.windows.net",
            "primary_web_endpoint": "https://ajgcpstoacct.z16.web.core.windows.net/",
            "primary_web_host": "ajgcpstoacct.z16.web.core.windows.net",
            "queue_encryption_key_type": "Service",
            "queue_properties": [
              {
                "cors_rule": [],
                "hour_metrics": [
                  {
                    "enabled": true,
                    "include_apis": true,
                    "retention_policy_days": 7,
                    "version": "1.0"
                  }
                ],
                "logging": [
                  {
                    "delete": false,
                    "read": false,
                    "retention_policy_days": 0,
                    "version": "1.0",
                    "write": false
                  }
                ],
                "minute_metrics": [
                  {
                    "enabled": false,
                    "include_apis": false,
                    "retention_policy_days": 0,
                    "version": "1.0"
                  }
                ]
              }
            ],
            "resource_group_name": "TERRAFORM-TESTS",
            "routing": [],
            "secondary_access_key": "VPZl1Fj8D2XorFhF1JARWT1ZhCZk+I9Z/LQenXEUbpQpm6EKkCDvGYBSV50eytyvPRokotyvu4UN+ASt5fwo8w==",
            "secondary_blob_connection_string": "",
            "secondary_blob_endpoint": null,
            "secondary_blob_host": null,
            "secondary_connection_string": "DefaultEndpointsProtocol=https;AccountName=ajgcpstoacct;AccountKey=VPZl1Fj8D2XorFhF1JARWT1ZhCZk+I9Z/LQenXEUbpQpm6EKkCDvGYBSV50eytyvPRokotyvu4UN+ASt5fwo8w==;EndpointSuffix=core.windows.net",
            "secondary_dfs_endpoint": null,
            "secondary_dfs_host": null,
            "secondary_file_endpoint": null,
            "secondary_file_host": null,
            "secondary_location": "",
            "secondary_queue_endpoint": null,
            "secondary_queue_host": null,
            "secondary_table_endpoint": null,
            "secondary_table_host": null,
            "secondary_web_endpoint": null,
            "secondary_web_host": null,
            "share_properties": [
              {
                "cors_rule": [],
                "retention_policy": [
                  {
                    "days": 7
                  }
                ],
                "smb": []
              }
            ],
            "shared_access_key_enabled": true,
            "static_website": [],
            "table_encryption_key_type": "Service",
            "tags": null,
            "timeouts": null
          },
          "sensitive_attributes": [],
          "private": "eyJlMmJmYjczMC1lY2FhLTExZTYtOGY4OC0zNDM2M2JjN2M0YzAiOnsiY3JlYXRlIjozNjAwMDAwMDAwMDAwLCJkZWxldGUiOjM2MDAwMDAwMDAwMDAsInJlYWQiOjMwMDAwMDAwMDAwMCwidXBkYXRlIjozNjAwMDAwMDAwMDAwfSwic2NoZW1hX3ZlcnNpb24iOiIzIn0=",
          "dependencies": [
            "azurerm_resource_group.rg"
          ]
        }
      ]
    }
  ],
  "check_results": null
}
